
Microsoft Visual Studio Solution File, Format Version 12.00
# Visual Studio Version 16
VisualStudioVersion = 16.0.31624.102
MinimumVisualStudioVersion = 10.0.40219.1
Project("{FAE04EC0-301F-11D3-BF4B-00C04F79EFBC}") = "FOK-GYEM_visualizer", "FOK-GYEM_visualizer\FOK-GYEM_visualizer.csproj", "{82B82160-AD98-42C8-B075-2F0D114AF0C0}"
EndProject
Global
	GlobalSection(SolutionConfigurationPlatforms) = preSolution
		Debug|Any CPU = Debug|Any CPU
		Release|Any CPU = Release|Any CPU
	EndGlobalSection
	GlobalSection(ProjectConfigurationPlatforms) = postSolution
		{82B82160-AD98-42C8-B075-2F0D114AF0C0}.Debug|Any CPU.ActiveCfg = Debug|Any CPU
		{82B82160-AD98-42C8-B075-2F0D114AF0C0}.Debug|Any CPU.Build.0 = Debug|Any CPU
		{82B82160-AD98-42C8-B075-2F0D114AF0C0}.Release|Any CPU.ActiveCfg = Release|Any CPU
		{82B82160-AD98-42C8-B075-2F0D114AF0C0}.Release|Any CPU.Build.0 = Release|Any CPU
	EndGlobalSection
	GlobalSection(SolutionProperties) = preSolution
		HideSolutionNode = FALSE
	EndGlobalSection
	GlobalSection(ExtensibilityGlobals) = postSolution
		SolutionGuid = {90D56FBD-CBB2-4A76-AF26-AF4BD6011C5F}
	EndGlobalSection
EndGlobal
